{
  "version": 4,
  "terraform_version": "0.15.4",
  "serial": 6,
  "lineage": "18c1b450-236f-1157-70e5-93766191aeb0",
  "outputs": {},
  "resources": [
    {
      "mode": "managed",
      "type": "aws_s3_bucket",
      "name": "my-test-bucket",
      "provider": "provider[\"registry.terraform.io/hashicorp/aws\"]",
      "instances": [
        {
          "schema_version": 0,
          "attributes": {
            "acceleration_status": "",
            "acl": "private",
            "arn": "arn:aws:s3:::paulofegueredo2021",
            "bucket": "paulofegueredo2021",
            "bucket_domain_name": "paulofegueredo2021.s3.amazonaws.com",
            "bucket_prefix": null,
            "bucket_regional_domain_name": "paulofegueredo2021.s3.us-east-2.amazonaws.com",
            "cors_rule": [],
            "force_destroy": false,
            "grant": [],
            "hosted_zone_id": "Z2O1EMRO9K5GLX",
            "id": "paulofegueredo2021",
            "lifecycle_rule": [],
            "logging": [],
            "object_lock_configuration": [],
            "policy": null,
            "region": "us-east-2",
            "replication_configuration": [],
            "request_payer": "BucketOwner",
            "server_side_encryption_configuration": [],
            "tags": {
              "Environment": "Dev",
              "ManagedBy": "Terraform",
              "Name": "Meu primeiro bucket via Terraform",
              "Owner": "Paulo Fegueredo",
              "UpdateAt": "2021-05-30"
            },
            "tags_all": {
              "Environment": "Dev",
              "ManagedBy": "Terraform",
              "Name": "Meu primeiro bucket via Terraform",
              "Owner": "Paulo Fegueredo",
              "UpdateAt": "2021-05-30"
            },
            "versioning": [
              {
                "enabled": false,
                "mfa_delete": false
              }
            ],
            "website": [],
            "website_domain": null,
            "website_endpoint": null
          },
          "sensitive_attributes": [],
          "private": "bnVsbA=="
        }
      ]
    }
  ]
}
